
Microsoft Visual Studio Solution File, Format Version 12.00
# Visual Studio Version 17
VisualStudioVersion = 17.4.33213.308
MinimumVisualStudioVersion = 10.0.40219.1
Project("{9A19103F-16F7-4668-BE54-9A1E7A4F7556}") = "ask", "ask\ask.csproj", "{BC2EC301-66E8-4521-829B-17F0C02857E7}"
EndProject
Project("{2150E333-8FDC-42A3-9474-1A3956D46DE8}") = "Solution Items", "Solution Items", "{86A95BB2-0C66-4231-B5F2-78DC29640801}"
	ProjectSection(SolutionItems) = preProject
		README.md = README.md
	EndProjectSection
EndProject
Global
	GlobalSection(SolutionConfigurationPlatforms) = preSolution
		Debug|Any CPU = Debug|Any CPU
		Release|Any CPU = Release|Any CPU
	EndGlobalSection
	GlobalSection(ProjectConfigurationPlatforms) = postSolution
		{BC2EC301-66E8-4521-829B-17F0C02857E7}.Debug|Any CPU.ActiveCfg = Debug|Any CPU
		{BC2EC301-66E8-4521-829B-17F0C02857E7}.Debug|Any CPU.Build.0 = Debug|Any CPU
		{BC2EC301-66E8-4521-829B-17F0C02857E7}.Release|Any CPU.ActiveCfg = Release|Any CPU
		{BC2EC301-66E8-4521-829B-17F0C02857E7}.Release|Any CPU.Build.0 = Release|Any CPU
	EndGlobalSection
	GlobalSection(SolutionProperties) = preSolution
		HideSolutionNode = FALSE
	EndGlobalSection
	GlobalSection(ExtensibilityGlobals) = postSolution
		SolutionGuid = {5ED3BBB7-F7C4-4333-96F5-7BD84E266FEE}
	EndGlobalSection
EndGlobal
